// !$*UTF8*$!
{
	archiveVersion = 1;
	classes = {
	};
	objectVersion = 51;
	objects = {

/* Begin PBXBuildFile section */
		07236182FBC6F6FA97B8559A /* Pods_DotaHeroTests.framework in Frameworks */ = {isa = PBXBuildFile; fileRef = 5070ABE4B70F9B7B682475F1 /* Pods_DotaHeroTests.framework */; };
		7237C74BB8AECF92B1873193 /* Pods_DotaHero.framework in Frameworks */ = {isa = PBXBuildFile; fileRef = AF2740EFA00FE460FEB698C0 /* Pods_DotaHero.framework */; };
		7F79B8F7BCF3067C39ABDD46 /* Pods_DotaHero_DotaHeroUITests.framework in Frameworks */ = {isa = PBXBuildFile; fileRef = FC666D4F216565C35523F720 /* Pods_DotaHero_DotaHeroUITests.framework */; };
		DF12F0BC25863BA400FFC2AB /* HeroDetailViewController.swift in Sources */ = {isa = PBXBuildFile; fileRef = DF12F0BA25863BA400FFC2AB /* HeroDetailViewController.swift */; };
		DF12F0BD25863BA400FFC2AB /* HeroDetailViewController.xib in Resources */ = {isa = PBXBuildFile; fileRef = DF12F0BB25863BA400FFC2AB /* HeroDetailViewController.xib */; };
		DF12F0C32586433700FFC2AB /* HeroDetailWireframe.swift in Sources */ = {isa = PBXBuildFile; fileRef = DF12F0C22586433700FFC2AB /* HeroDetailWireframe.swift */; };
		DF27033825844D3400643032 /* HomeWireframe.swift in Sources */ = {isa = PBXBuildFile; fileRef = DF27033725844D3400643032 /* HomeWireframe.swift */; };
		DF27033C25844E3300643032 /* HeroListViewController.swift in Sources */ = {isa = PBXBuildFile; fileRef = DF27033A25844E3300643032 /* HeroListViewController.swift */; };
		DF27033D25844E3300643032 /* HeroListViewController.xib in Resources */ = {isa = PBXBuildFile; fileRef = DF27033B25844E3300643032 /* HeroListViewController.xib */; };
		DF270340258450D900643032 /* Endpoint.swift in Sources */ = {isa = PBXBuildFile; fileRef = DF27033F258450D900643032 /* Endpoint.swift */; };
		DF2703432584519300643032 /* NetworkManager.swift in Sources */ = {isa = PBXBuildFile; fileRef = DF2703422584519300643032 /* NetworkManager.swift */; };
		DF270345258451A300643032 /* LocalDataManager.swift in Sources */ = {isa = PBXBuildFile; fileRef = DF270344258451A300643032 /* LocalDataManager.swift */; };
		DF2703482584582C00643032 /* HeroesApiService.swift in Sources */ = {isa = PBXBuildFile; fileRef = DF2703472584582C00643032 /* HeroesApiService.swift */; };
		DF27034A2584737E00643032 /* HeroListInteractor.swift in Sources */ = {isa = PBXBuildFile; fileRef = DF2703492584737E00643032 /* HeroListInteractor.swift */; };
		DF27034C2584755D00643032 /* HeroListPresenter.swift in Sources */ = {isa = PBXBuildFile; fileRef = DF27034B2584755D00643032 /* HeroListPresenter.swift */; };
		DF27035125847C0100643032 /* HeroViewListProtocol.swift in Sources */ = {isa = PBXBuildFile; fileRef = DF27035025847C0100643032 /* HeroViewListProtocol.swift */; };
		DF2703532584805C00643032 /* HeroModel.swift in Sources */ = {isa = PBXBuildFile; fileRef = DF2703522584805C00643032 /* HeroModel.swift */; };
		DF2703562584BAA600643032 /* HeroRoleCollectionViewCell.swift in Sources */ = {isa = PBXBuildFile; fileRef = DF2703542584BAA600643032 /* HeroRoleCollectionViewCell.swift */; };
		DF2703572584BAA600643032 /* HeroRoleCollectionViewCell.xib in Resources */ = {isa = PBXBuildFile; fileRef = DF2703552584BAA600643032 /* HeroRoleCollectionViewCell.xib */; };
		DF27035A2584BBD700643032 /* HeroCollectionViewCell.swift in Sources */ = {isa = PBXBuildFile; fileRef = DF2703582584BBD700643032 /* HeroCollectionViewCell.swift */; };
		DF27035B2584BBD700643032 /* HeroCollectionViewCell.xib in Resources */ = {isa = PBXBuildFile; fileRef = DF2703592584BBD700643032 /* HeroCollectionViewCell.xib */; };
		DFB493E825860EE60040DF6A /* RoleModel.swift in Sources */ = {isa = PBXBuildFile; fileRef = DFB493E725860EE60040DF6A /* RoleModel.swift */; };
		DFBE1975258664760071E19E /* HeroDetailViewProtocol.swift in Sources */ = {isa = PBXBuildFile; fileRef = DFBE1974258664760071E19E /* HeroDetailViewProtocol.swift */; };
		DFBE197725866F710071E19E /* HeroDetailPresenter.swift in Sources */ = {isa = PBXBuildFile; fileRef = DFBE197625866F710071E19E /* HeroDetailPresenter.swift */; };
		DFBE1979258687620071E19E /* HeroDetailInteractor.swift in Sources */ = {isa = PBXBuildFile; fileRef = DFBE1978258687620071E19E /* HeroDetailInteractor.swift */; };
		DFCE8DED2583C51000FCA8C2 /* AppDelegate.swift in Sources */ = {isa = PBXBuildFile; fileRef = DFCE8DEC2583C51000FCA8C2 /* AppDelegate.swift */; };
		DFCE8DF72583C51000FCA8C2 /* DotaHero.xcdatamodeld in Sources */ = {isa = PBXBuildFile; fileRef = DFCE8DF52583C51000FCA8C2 /* DotaHero.xcdatamodeld */; };
		DFCE8DF92583C51200FCA8C2 /* Assets.xcassets in Resources */ = {isa = PBXBuildFile; fileRef = DFCE8DF82583C51200FCA8C2 /* Assets.xcassets */; };
		DFCE8DFC2583C51200FCA8C2 /* LaunchScreen.storyboard in Resources */ = {isa = PBXBuildFile; fileRef = DFCE8DFA2583C51200FCA8C2 /* LaunchScreen.storyboard */; };
		DFCE8E072583C51200FCA8C2 /* DotaHeroTests.swift in Sources */ = {isa = PBXBuildFile; fileRef = DFCE8E062583C51200FCA8C2 /* DotaHeroTests.swift */; };
		DFCE8E122583C51200FCA8C2 /* DotaHeroUITests.swift in Sources */ = {isa = PBXBuildFile; fileRef = DFCE8E112583C51200FCA8C2 /* DotaHeroUITests.swift */; };
		DFCE8E2B2583D38C00FCA8C2 /* Main.storyboard in Resources */ = {isa = PBXBuildFile; fileRef = DFCE8E2A2583D38C00FCA8C2 /* Main.storyboard */; };
/* End PBXBuildFile section */

/* Begin PBXContainerItemProxy section */
		DFCE8E032583C51200FCA8C2 /* PBXContainerItemProxy */ = {
			isa = PBXContainerItemProxy;
			containerPortal = DFCE8DE12583C51000FCA8C2 /* Project object */;
			proxyType = 1;
			remoteGlobalIDString = DFCE8DE82583C51000FCA8C2;
			remoteInfo = DotaHero;
		};
		DFCE8E0E2583C51200FCA8C2 /* PBXContainerItemProxy */ = {
			isa = PBXContainerItemProxy;
			containerPortal = DFCE8DE12583C51000FCA8C2 /* Project object */;
			proxyType = 1;
			remoteGlobalIDString = DFCE8DE82583C51000FCA8C2;
			remoteInfo = DotaHero;
		};
/* End PBXContainerItemProxy section */

/* Begin PBXFileReference section */
		0C167BCD404DE124746DF164 /* Pods-DotaHeroTests.debug.xcconfig */ = {isa = PBXFileReference; includeInIndex = 1; lastKnownFileType = text.xcconfig; name = "Pods-DotaHeroTests.debug.xcconfig"; path = "Target Support Files/Pods-DotaHeroTests/Pods-DotaHeroTests.debug.xcconfig"; sourceTree = "<group>"; };
		2836C5935615F5A4758DC923 /* Pods-DotaHero.release.xcconfig */ = {isa = PBXFileReference; includeInIndex = 1; lastKnownFileType = text.xcconfig; name = "Pods-DotaHero.release.xcconfig"; path = "Target Support Files/Pods-DotaHero/Pods-DotaHero.release.xcconfig"; sourceTree = "<group>"; };
		28C3524390419061D3BD0B72 /* Pods-DotaHero-DotaHeroUITests.debug.xcconfig */ = {isa = PBXFileReference; includeInIndex = 1; lastKnownFileType = text.xcconfig; name = "Pods-DotaHero-DotaHeroUITests.debug.xcconfig"; path = "Target Support Files/Pods-DotaHero-DotaHeroUITests/Pods-DotaHero-DotaHeroUITests.debug.xcconfig"; sourceTree = "<group>"; };
		5070ABE4B70F9B7B682475F1 /* Pods_DotaHeroTests.framework */ = {isa = PBXFileReference; explicitFileType = wrapper.framework; includeInIndex = 0; path = Pods_DotaHeroTests.framework; sourceTree = BUILT_PRODUCTS_DIR; };
		5FF19D5ACC65242A0673D11F /* Pods-DotaHero.debug.xcconfig */ = {isa = PBXFileReference; includeInIndex = 1; lastKnownFileType = text.xcconfig; name = "Pods-DotaHero.debug.xcconfig"; path = "Target Support Files/Pods-DotaHero/Pods-DotaHero.debug.xcconfig"; sourceTree = "<group>"; };
		846FAFC981F9218864FE86C1 /* Pods-DotaHero-DotaHeroUITests.release.xcconfig */ = {isa = PBXFileReference; includeInIndex = 1; lastKnownFileType = text.xcconfig; name = "Pods-DotaHero-DotaHeroUITests.release.xcconfig"; path = "Target Support Files/Pods-DotaHero-DotaHeroUITests/Pods-DotaHero-DotaHeroUITests.release.xcconfig"; sourceTree = "<group>"; };
		AF2740EFA00FE460FEB698C0 /* Pods_DotaHero.framework */ = {isa = PBXFileReference; explicitFileType = wrapper.framework; includeInIndex = 0; path = Pods_DotaHero.framework; sourceTree = BUILT_PRODUCTS_DIR; };
		DF12F0BA25863BA400FFC2AB /* HeroDetailViewController.swift */ = {isa = PBXFileReference; lastKnownFileType = sourcecode.swift; path = HeroDetailViewController.swift; sourceTree = "<group>"; };
		DF12F0BB25863BA400FFC2AB /* HeroDetailViewController.xib */ = {isa = PBXFileReference; lastKnownFileType = file.xib; path = HeroDetailViewController.xib; sourceTree = "<group>"; };
		DF12F0C22586433700FFC2AB /* HeroDetailWireframe.swift */ = {isa = PBXFileReference; lastKnownFileType = sourcecode.swift; path = HeroDetailWireframe.swift; sourceTree = "<group>"; };
		DF27033725844D3400643032 /* HomeWireframe.swift */ = {isa = PBXFileReference; lastKnownFileType = sourcecode.swift; path = HomeWireframe.swift; sourceTree = "<group>"; };
		DF27033A25844E3300643032 /* HeroListViewController.swift */ = {isa = PBXFileReference; lastKnownFileType = sourcecode.swift; path = HeroListViewController.swift; sourceTree = "<group>"; };
		DF27033B25844E3300643032 /* HeroListViewController.xib */ = {isa = PBXFileReference; lastKnownFileType = file.xib; path = HeroListViewController.xib; sourceTree = "<group>"; };
		DF27033F258450D900643032 /* Endpoint.swift */ = {isa = PBXFileReference; lastKnownFileType = sourcecode.swift; path = Endpoint.swift; sourceTree = "<group>"; };
		DF2703422584519300643032 /* NetworkManager.swift */ = {isa = PBXFileReference; lastKnownFileType = sourcecode.swift; path = NetworkManager.swift; sourceTree = "<group>"; };
		DF270344258451A300643032 /* LocalDataManager.swift */ = {isa = PBXFileReference; lastKnownFileType = sourcecode.swift; path = LocalDataManager.swift; sourceTree = "<group>"; };
		DF2703472584582C00643032 /* HeroesApiService.swift */ = {isa = PBXFileReference; lastKnownFileType = sourcecode.swift; path = HeroesApiService.swift; sourceTree = "<group>"; };
		DF2703492584737E00643032 /* HeroListInteractor.swift */ = {isa = PBXFileReference; lastKnownFileType = sourcecode.swift; path = HeroListInteractor.swift; sourceTree = "<group>"; };
		DF27034B2584755D00643032 /* HeroListPresenter.swift */ = {isa = PBXFileReference; lastKnownFileType = sourcecode.swift; path = HeroListPresenter.swift; sourceTree = "<group>"; };
		DF27035025847C0100643032 /* HeroViewListProtocol.swift */ = {isa = PBXFileReference; lastKnownFileType = sourcecode.swift; path = HeroViewListProtocol.swift; sourceTree = "<group>"; };
		DF2703522584805C00643032 /* HeroModel.swift */ = {isa = PBXFileReference; lastKnownFileType = sourcecode.swift; path = HeroModel.swift; sourceTree = "<group>"; };
		DF2703542584BAA600643032 /* HeroRoleCollectionViewCell.swift */ = {isa = PBXFileReference; lastKnownFileType = sourcecode.swift; path = HeroRoleCollectionViewCell.swift; sourceTree = "<group>"; };
		DF2703552584BAA600643032 /* HeroRoleCollectionViewCell.xib */ = {isa = PBXFileReference; lastKnownFileType = file.xib; path = HeroRoleCollectionViewCell.xib; sourceTree = "<group>"; };
		DF2703582584BBD700643032 /* HeroCollectionViewCell.swift */ = {isa = PBXFileReference; lastKnownFileType = sourcecode.swift; path = HeroCollectionViewCell.swift; sourceTree = "<group>"; };
		DF2703592584BBD700643032 /* HeroCollectionViewCell.xib */ = {isa = PBXFileReference; lastKnownFileType = file.xib; path = HeroCollectionViewCell.xib; sourceTree = "<group>"; };
		DFB493E725860EE60040DF6A /* RoleModel.swift */ = {isa = PBXFileReference; lastKnownFileType = sourcecode.swift; path = RoleModel.swift; sourceTree = "<group>"; };
		DFBE1974258664760071E19E /* HeroDetailViewProtocol.swift */ = {isa = PBXFileReference; lastKnownFileType = sourcecode.swift; path = HeroDetailViewProtocol.swift; sourceTree = "<group>"; };
		DFBE197625866F710071E19E /* HeroDetailPresenter.swift */ = {isa = PBXFileReference; lastKnownFileType = sourcecode.swift; path = HeroDetailPresenter.swift; sourceTree = "<group>"; };
		DFBE1978258687620071E19E /* HeroDetailInteractor.swift */ = {isa = PBXFileReference; lastKnownFileType = sourcecode.swift; path = HeroDetailInteractor.swift; sourceTree = "<group>"; };
		DFCE8DE92583C51000FCA8C2 /* DotaHero.app */ = {isa = PBXFileReference; explicitFileType = wrapper.application; includeInIndex = 0; path = DotaHero.app; sourceTree = BUILT_PRODUCTS_DIR; };
		DFCE8DEC2583C51000FCA8C2 /* AppDelegate.swift */ = {isa = PBXFileReference; lastKnownFileType = sourcecode.swift; path = AppDelegate.swift; sourceTree = "<group>"; };
		DFCE8DF62583C51000FCA8C2 /* DotaHero.xcdatamodel */ = {isa = PBXFileReference; lastKnownFileType = wrapper.xcdatamodel; path = DotaHero.xcdatamodel; sourceTree = "<group>"; };
		DFCE8DF82583C51200FCA8C2 /* Assets.xcassets */ = {isa = PBXFileReference; lastKnownFileType = folder.assetcatalog; path = Assets.xcassets; sourceTree = "<group>"; };
		DFCE8DFB2583C51200FCA8C2 /* Base */ = {isa = PBXFileReference; lastKnownFileType = file.storyboard; name = Base; path = Base.lproj/LaunchScreen.storyboard; sourceTree = "<group>"; };
		DFCE8DFD2583C51200FCA8C2 /* Info.plist */ = {isa = PBXFileReference; lastKnownFileType = text.plist.xml; path = Info.plist; sourceTree = "<group>"; };
		DFCE8E022583C51200FCA8C2 /* DotaHeroTests.xctest */ = {isa = PBXFileReference; explicitFileType = wrapper.cfbundle; includeInIndex = 0; path = DotaHeroTests.xctest; sourceTree = BUILT_PRODUCTS_DIR; };
		DFCE8E062583C51200FCA8C2 /* DotaHeroTests.swift */ = {isa = PBXFileReference; lastKnownFileType = sourcecode.swift; path = DotaHeroTests.swift; sourceTree = "<group>"; };
		DFCE8E082583C51200FCA8C2 /* Info.plist */ = {isa = PBXFileReference; lastKnownFileType = text.plist.xml; path = Info.plist; sourceTree = "<group>"; };
		DFCE8E0D2583C51200FCA8C2 /* DotaHeroUITests.xctest */ = {isa = PBXFileReference; explicitFileType = wrapper.cfbundle; includeInIndex = 0; path = DotaHeroUITests.xctest; sourceTree = BUILT_PRODUCTS_DIR; };
		DFCE8E112583C51200FCA8C2 /* DotaHeroUITests.swift */ = {isa = PBXFileReference; lastKnownFileType = sourcecode.swift; path = DotaHeroUITests.swift; sourceTree = "<group>"; };
		DFCE8E132583C51200FCA8C2 /* Info.plist */ = {isa = PBXFileReference; lastKnownFileType = text.plist.xml; path = Info.plist; sourceTree = "<group>"; };
		DFCE8E2A2583D38C00FCA8C2 /* Main.storyboard */ = {isa = PBXFileReference; fileEncoding = 4; lastKnownFileType = file.storyboard; path = Main.storyboard; sourceTree = "<group>"; };
		FC666D4F216565C35523F720 /* Pods_DotaHero_DotaHeroUITests.framework */ = {isa = PBXFileReference; explicitFileType = wrapper.framework; includeInIndex = 0; path = Pods_DotaHero_DotaHeroUITests.framework; sourceTree = BUILT_PRODUCTS_DIR; };
		FDD897BE190B278B3F9BE66B /* Pods-DotaHeroTests.release.xcconfig */ = {isa = PBXFileReference; includeInIndex = 1; lastKnownFileType = text.xcconfig; name = "Pods-DotaHeroTests.release.xcconfig"; path = "Target Support Files/Pods-DotaHeroTests/Pods-DotaHeroTests.release.xcconfig"; sourceTree = "<group>"; };
/* End PBXFileReference section */

/* Begin PBXFrameworksBuildPhase section */
		DFCE8DE62583C51000FCA8C2 /* Frameworks */ = {
			isa = PBXFrameworksBuildPhase;
			buildActionMask = 2147483647;
			files = (
				7237C74BB8AECF92B1873193 /* Pods_DotaHero.framework in Frameworks */,
			);
			runOnlyForDeploymentPostprocessing = 0;
		};
		DFCE8DFF2583C51200FCA8C2 /* Frameworks */ = {
			isa = PBXFrameworksBuildPhase;
			buildActionMask = 2147483647;
			files = (
				07236182FBC6F6FA97B8559A /* Pods_DotaHeroTests.framework in Frameworks */,
			);
			runOnlyForDeploymentPostprocessing = 0;
		};
		DFCE8E0A2583C51200FCA8C2 /* Frameworks */ = {
			isa = PBXFrameworksBuildPhase;
			buildActionMask = 2147483647;
			files = (
				7F79B8F7BCF3067C39ABDD46 /* Pods_DotaHero_DotaHeroUITests.framework in Frameworks */,
			);
			runOnlyForDeploymentPostprocessing = 0;
		};
/* End PBXFrameworksBuildPhase section */

/* Begin PBXGroup section */
		DF12F0B325863A1F00FFC2AB /* List */ = {
			isa = PBXGroup;
			children = (
				DF27033A25844E3300643032 /* HeroListViewController.swift */,
				DF27033B25844E3300643032 /* HeroListViewController.xib */,
			);
			path = List;
			sourceTree = "<group>";
		};
		DF12F0B425863A3700FFC2AB /* Cell */ = {
			isa = PBXGroup;
			children = (
				DF2703542584BAA600643032 /* HeroRoleCollectionViewCell.swift */,
				DF2703582584BBD700643032 /* HeroCollectionViewCell.swift */,
				DF2703552584BAA600643032 /* HeroRoleCollectionViewCell.xib */,
				DF2703592584BBD700643032 /* HeroCollectionViewCell.xib */,
			);
			path = Cell;
			sourceTree = "<group>";
		};
		DF12F0B525863A4700FFC2AB /* Detail */ = {
			isa = PBXGroup;
			children = (
				DF12F0BA25863BA400FFC2AB /* HeroDetailViewController.swift */,
				DF12F0BB25863BA400FFC2AB /* HeroDetailViewController.xib */,
			);
			path = Detail;
			sourceTree = "<group>";
		};
		DF27033025844B2D00643032 /* Modules */ = {
			isa = PBXGroup;
			children = (
				DF27033125844B3900643032 /* Hero */,
			);
			path = Modules;
			sourceTree = "<group>";
		};
		DF27033125844B3900643032 /* Hero */ = {
			isa = PBXGroup;
			children = (
				DF27034F25847BCC00643032 /* Protocols */,
				DF27033625844BE200643032 /* Presenter */,
				DF27033525844BD100643032 /* Interactor */,
				DF27033425844BC500643032 /* Router */,
				DF27033325844BB900643032 /* Entity */,
				DF27033225844B4900643032 /* View */,
			);
			path = Hero;
			sourceTree = "<group>";
		};
		DF27033225844B4900643032 /* View */ = {
			isa = PBXGroup;
			children = (
				DF12F0B525863A4700FFC2AB /* Detail */,
				DF12F0B425863A3700FFC2AB /* Cell */,
				DF12F0B325863A1F00FFC2AB /* List */,
			);
			path = View;
			sourceTree = "<group>";
		};
		DF27033325844BB900643032 /* Entity */ = {
			isa = PBXGroup;
			children = (
				DFCE8DF52583C51000FCA8C2 /* DotaHero.xcdatamodeld */,
				DF2703522584805C00643032 /* HeroModel.swift */,
				DFB493E725860EE60040DF6A /* RoleModel.swift */,
			);
			path = Entity;
			sourceTree = "<group>";
		};
		DF27033425844BC500643032 /* Router */ = {
			isa = PBXGroup;
			children = (
				DF27033725844D3400643032 /* HomeWireframe.swift */,
				DF12F0C22586433700FFC2AB /* HeroDetailWireframe.swift */,
			);
			path = Router;
			sourceTree = "<group>";
		};
		DF27033525844BD100643032 /* Interactor */ = {
			isa = PBXGroup;
			children = (
				DF2703492584737E00643032 /* HeroListInteractor.swift */,
				DFBE1978258687620071E19E /* HeroDetailInteractor.swift */,
			);
			path = Interactor;
			sourceTree = "<group>";
		};
		DF27033625844BE200643032 /* Presenter */ = {
			isa = PBXGroup;
			children = (
				DF27034B2584755D00643032 /* HeroListPresenter.swift */,
				DFBE197625866F710071E19E /* HeroDetailPresenter.swift */,
			);
			path = Presenter;
			sourceTree = "<group>";
		};
		DF27033E258450B400643032 /* Common */ = {
			isa = PBXGroup;
			children = (
				DF27033F258450D900643032 /* Endpoint.swift */,
			);
			path = Common;
			sourceTree = "<group>";
		};
		DF2703412584516B00643032 /* DataManager */ = {
			isa = PBXGroup;
			children = (
				DF2703422584519300643032 /* NetworkManager.swift */,
				DF270344258451A300643032 /* LocalDataManager.swift */,
			);
			path = DataManager;
			sourceTree = "<group>";
		};
		DF2703462584581600643032 /* Service */ = {
			isa = PBXGroup;
			children = (
				DF2703472584582C00643032 /* HeroesApiService.swift */,
			);
			path = Service;
			sourceTree = "<group>";
		};
		DF27034F25847BCC00643032 /* Protocols */ = {
			isa = PBXGroup;
			children = (
				DF27035025847C0100643032 /* HeroViewListProtocol.swift */,
				DFBE1974258664760071E19E /* HeroDetailViewProtocol.swift */,
			);
			path = Protocols;
			sourceTree = "<group>";
		};
		DFCE8DE02583C51000FCA8C2 = {
			isa = PBXGroup;
			children = (
				DFCE8DEB2583C51000FCA8C2 /* DotaHero */,
				DFCE8E052583C51200FCA8C2 /* DotaHeroTests */,
				DFCE8E102583C51200FCA8C2 /* DotaHeroUITests */,
				DFCE8DEA2583C51000FCA8C2 /* Products */,
				E60FA1512CD3A000CCB947BD /* Pods */,
				F1E59A1CD047921681A3FD98 /* Frameworks */,
			);
			sourceTree = "<group>";
		};
		DFCE8DEA2583C51000FCA8C2 /* Products */ = {
			isa = PBXGroup;
			children = (
				DFCE8DE92583C51000FCA8C2 /* DotaHero.app */,
				DFCE8E022583C51200FCA8C2 /* DotaHeroTests.xctest */,
				DFCE8E0D2583C51200FCA8C2 /* DotaHeroUITests.xctest */,
			);
			name = Products;
			sourceTree = "<group>";
		};
		DFCE8DEB2583C51000FCA8C2 /* DotaHero */ = {
			isa = PBXGroup;
			children = (
				DF2703462584581600643032 /* Service */,
				DF2703412584516B00643032 /* DataManager */,
				DF27033E258450B400643032 /* Common */,
				DF27033025844B2D00643032 /* Modules */,
				DFCE8E2A2583D38C00FCA8C2 /* Main.storyboard */,
				DFCE8DEC2583C51000FCA8C2 /* AppDelegate.swift */,
				DFCE8DF82583C51200FCA8C2 /* Assets.xcassets */,
				DFCE8DFA2583C51200FCA8C2 /* LaunchScreen.storyboard */,
				DFCE8DFD2583C51200FCA8C2 /* Info.plist */,
			);
			path = DotaHero;
			sourceTree = "<group>";
		};
		DFCE8E052583C51200FCA8C2 /* DotaHeroTests */ = {
			isa = PBXGroup;
			children = (
				DFCE8E062583C51200FCA8C2 /* DotaHeroTests.swift */,
				DFCE8E082583C51200FCA8C2 /* Info.plist */,
			);
			path = DotaHeroTests;
			sourceTree = "<group>";
		};
		DFCE8E102583C51200FCA8C2 /* DotaHeroUITests */ = {
			isa = PBXGroup;
			children = (
				DFCE8E112583C51200FCA8C2 /* DotaHeroUITests.swift */,
				DFCE8E132583C51200FCA8C2 /* Info.plist */,
			);
			path = DotaHeroUITests;
			sourceTree = "<group>";
		};
		E60FA1512CD3A000CCB947BD /* Pods */ = {
			isa = PBXGroup;
			children = (
				5FF19D5ACC65242A0673D11F /* Pods-DotaHero.debug.xcconfig */,
				2836C5935615F5A4758DC923 /* Pods-DotaHero.release.xcconfig */,
				28C3524390419061D3BD0B72 /* Pods-DotaHero-DotaHeroUITests.debug.xcconfig */,
				846FAFC981F9218864FE86C1 /* Pods-DotaHero-DotaHeroUITests.release.xcconfig */,
				0C167BCD404DE124746DF164 /* Pods-DotaHeroTests.debug.xcconfig */,
				FDD897BE190B278B3F9BE66B /* Pods-DotaHeroTests.release.xcconfig */,
			);
			path = Pods;
			sourceTree = "<group>";
		};
		F1E59A1CD047921681A3FD98 /* Frameworks */ = {
			isa = PBXGroup;
			children = (
				AF2740EFA00FE460FEB698C0 /* Pods_DotaHero.framework */,
				FC666D4F216565C35523F720 /* Pods_DotaHero_DotaHeroUITests.framework */,
				5070ABE4B70F9B7B682475F1 /* Pods_DotaHeroTests.framework */,
			);
			name = Frameworks;
			sourceTree = "<group>";
		};
/* End PBXGroup section */

/* Begin PBXNativeTarget section */
		DFCE8DE82583C51000FCA8C2 /* DotaHero */ = {
			isa = PBXNativeTarget;
			buildConfigurationList = DFCE8E162583C51200FCA8C2 /* Build configuration list for PBXNativeTarget "DotaHero" */;
			buildPhases = (
				04A9759D672C3DA87573CEE1 /* [CP] Check Pods Manifest.lock */,
				DFCE8DE52583C51000FCA8C2 /* Sources */,
				DFCE8DE62583C51000FCA8C2 /* Frameworks */,
				DFCE8DE72583C51000FCA8C2 /* Resources */,
				790A5442C3E62E4577C79FC6 /* [CP] Embed Pods Frameworks */,
			);
			buildRules = (
			);
			dependencies = (
			);
			name = DotaHero;
			productName = DotaHero;
			productReference = DFCE8DE92583C51000FCA8C2 /* DotaHero.app */;
			productType = "com.apple.product-type.application";
		};
		DFCE8E012583C51200FCA8C2 /* DotaHeroTests */ = {
			isa = PBXNativeTarget;
			buildConfigurationList = DFCE8E192583C51200FCA8C2 /* Build configuration list for PBXNativeTarget "DotaHeroTests" */;
			buildPhases = (
				4DA542419BB3ACF6B0D65237 /* [CP] Check Pods Manifest.lock */,
				DFCE8DFE2583C51200FCA8C2 /* Sources */,
				DFCE8DFF2583C51200FCA8C2 /* Frameworks */,
				DFCE8E002583C51200FCA8C2 /* Resources */,
			);
			buildRules = (
			);
			dependencies = (
				DFCE8E042583C51200FCA8C2 /* PBXTargetDependency */,
			);
			name = DotaHeroTests;
			productName = DotaHeroTests;
			productReference = DFCE8E022583C51200FCA8C2 /* DotaHeroTests.xctest */;
			productType = "com.apple.product-type.bundle.unit-test";
		};
		DFCE8E0C2583C51200FCA8C2 /* DotaHeroUITests */ = {
			isa = PBXNativeTarget;
			buildConfigurationList = DFCE8E1C2583C51200FCA8C2 /* Build configuration list for PBXNativeTarget "DotaHeroUITests" */;
			buildPhases = (
				CD71A5ABE160A390062D0771 /* [CP] Check Pods Manifest.lock */,
				DFCE8E092583C51200FCA8C2 /* Sources */,
				DFCE8E0A2583C51200FCA8C2 /* Frameworks */,
				DFCE8E0B2583C51200FCA8C2 /* Resources */,
				933CCDAAAFF5D1FD0D30B487 /* [CP] Embed Pods Frameworks */,
			);
			buildRules = (
			);
			dependencies = (
				DFCE8E0F2583C51200FCA8C2 /* PBXTargetDependency */,
			);
			name = DotaHeroUITests;
			productName = DotaHeroUITests;
			productReference = DFCE8E0D2583C51200FCA8C2 /* DotaHeroUITests.xctest */;
			productType = "com.apple.product-type.bundle.ui-testing";
		};
/* End PBXNativeTarget section */

/* Begin PBXProject section */
		DFCE8DE12583C51000FCA8C2 /* Project object */ = {
			isa = PBXProject;
			attributes = {
				LastSwiftUpdateCheck = 1170;
				LastUpgradeCheck = 1170;
				ORGANIZATIONNAME = dota;
				TargetAttributes = {
					DFCE8DE82583C51000FCA8C2 = {
						CreatedOnToolsVersion = 11.7;
					};
					DFCE8E012583C51200FCA8C2 = {
						CreatedOnToolsVersion = 11.7;
						TestTargetID = DFCE8DE82583C51000FCA8C2;
					};
					DFCE8E0C2583C51200FCA8C2 = {
						CreatedOnToolsVersion = 11.7;
						TestTargetID = DFCE8DE82583C51000FCA8C2;
					};
				};
			};
			buildConfigurationList = DFCE8DE42583C51000FCA8C2 /* Build configuration list for PBXProject "DotaHero" */;
			compatibilityVersion = "Xcode 9.3";
			developmentRegion = en;
			hasScannedForEncodings = 0;
			knownRegions = (
				en,
				Base,
			);
			mainGroup = DFCE8DE02583C51000FCA8C2;
			productRefGroup = DFCE8DEA2583C51000FCA8C2 /* Products */;
			projectDirPath = "";
			projectRoot = "";
			targets = (
				DFCE8DE82583C51000FCA8C2 /* DotaHero */,
				DFCE8E012583C51200FCA8C2 /* DotaHeroTests */,
				DFCE8E0C2583C51200FCA8C2 /* DotaHeroUITests */,
			);
		};
/* End PBXProject section */

/* Begin PBXResourcesBuildPhase section */
		DFCE8DE72583C51000FCA8C2 /* Resources */ = {
			isa = PBXResourcesBuildPhase;
			buildActionMask = 2147483647;
			files = (
				DFCE8DFC2583C51200FCA8C2 /* LaunchScreen.storyboard in Resources */,
				DF12F0BD25863BA400FFC2AB /* HeroDetailViewController.xib in Resources */,
				DFCE8DF92583C51200FCA8C2 /* Assets.xcassets in Resources */,
				DFCE8E2B2583D38C00FCA8C2 /* Main.storyboard in Resources */,
				DF27033D25844E3300643032 /* HeroListViewController.xib in Resources */,
				DF27035B2584BBD700643032 /* HeroCollectionViewCell.xib in Resources */,
				DF2703572584BAA600643032 /* HeroRoleCollectionViewCell.xib in Resources */,
			);
			runOnlyForDeploymentPostprocessing = 0;
		};
		DFCE8E002583C51200FCA8C2 /* Resources */ = {
			isa = PBXResourcesBuildPhase;
			buildActionMask = 2147483647;
			files = (
			);
			runOnlyForDeploymentPostprocessing = 0;
		};
		DFCE8E0B2583C51200FCA8C2 /* Resources */ = {
			isa = PBXResourcesBuildPhase;
			buildActionMask = 2147483647;
			files = (
			);
			runOnlyForDeploymentPostprocessing = 0;
		};
/* End PBXResourcesBuildPhase section */

/* Begin PBXShellScriptBuildPhase section */
		04A9759D672C3DA87573CEE1 /* [CP] Check Pods Manifest.lock */ = {
			isa = PBXShellScriptBuildPhase;
			buildActionMask = 2147483647;
			files = (
			);
			inputFileListPaths = (
			);
			inputPaths = (
				"${PODS_PODFILE_DIR_PATH}/Podfile.lock",
				"${PODS_ROOT}/Manifest.lock",
			);
			name = "[CP] Check Pods Manifest.lock";
			outputFileListPaths = (
			);
			outputPaths = (
				"$(DERIVED_FILE_DIR)/Pods-DotaHero-checkManifestLockResult.txt",
			);
			runOnlyForDeploymentPostprocessing = 0;
			shellPath = /bin/sh;
			shellScript = "diff \"${PODS_PODFILE_DIR_PATH}/Podfile.lock\" \"${PODS_ROOT}/Manifest.lock\" > /dev/null\nif [ $? != 0 ] ; then\n    # print error to STDERR\n    echo \"error: The sandbox is not in sync with the Podfile.lock. Run 'pod install' or update your CocoaPods installation.\" >&2\n    exit 1\nfi\n# This output is used by Xcode 'outputs' to avoid re-running this script phase.\necho \"SUCCESS\" > \"${SCRIPT_OUTPUT_FILE_0}\"\n";
			showEnvVarsInLog = 0;
		};
		4DA542419BB3ACF6B0D65237 /* [CP] Check Pods Manifest.lock */ = {
			isa = PBXShellScriptBuildPhase;
			buildActionMask = 2147483647;
			files = (
			);
			inputFileListPaths = (
			);
			inputPaths = (
				"${PODS_PODFILE_DIR_PATH}/Podfile.lock",
				"${PODS_ROOT}/Manifest.lock",
			);
			name = "[CP] Check Pods Manifest.lock";
			outputFileListPaths = (
			);
			outputPaths = (
				"$(DERIVED_FILE_DIR)/Pods-DotaHeroTests-checkManifestLockResult.txt",
			);
			runOnlyForDeploymentPostprocessing = 0;
			shellPath = /bin/sh;
			shellScript = "diff \"${PODS_PODFILE_DIR_PATH}/Podfile.lock\" \"${PODS_ROOT}/Manifest.lock\" > /dev/null\nif [ $? != 0 ] ; then\n    # print error to STDERR\n    echo \"error: The sandbox is not in sync with the Podfile.lock. Run 'pod install' or update your CocoaPods installation.\" >&2\n    exit 1\nfi\n# This output is used by Xcode 'outputs' to avoid re-running this script phase.\necho \"SUCCESS\" > \"${SCRIPT_OUTPUT_FILE_0}\"\n";
			showEnvVarsInLog = 0;
		};
		790A5442C3E62E4577C79FC6 /* [CP] Embed Pods Frameworks */ = {
			isa = PBXShellScriptBuildPhase;
			buildActionMask = 2147483647;
			files = (
			);
			inputFileListPaths = (
				"${PODS_ROOT}/Target Support Files/Pods-DotaHero/Pods-DotaHero-frameworks-${CONFIGURATION}-input-files.xcfilelist",
			);
			name = "[CP] Embed Pods Frameworks";
			outputFileListPaths = (
				"${PODS_ROOT}/Target Support Files/Pods-DotaHero/Pods-DotaHero-frameworks-${CONFIGURATION}-output-files.xcfilelist",
			);
			runOnlyForDeploymentPostprocessing = 0;
			shellPath = /bin/sh;
			shellScript = "\"${PODS_ROOT}/Target Support Files/Pods-DotaHero/Pods-DotaHero-frameworks.sh\"\n";
			showEnvVarsInLog = 0;
		};
		933CCDAAAFF5D1FD0D30B487 /* [CP] Embed Pods Frameworks */ = {
			isa = PBXShellScriptBuildPhase;
			buildActionMask = 2147483647;
			files = (
			);
			inputFileListPaths = (
				"${PODS_ROOT}/Target Support Files/Pods-DotaHero-DotaHeroUITests/Pods-DotaHero-DotaHeroUITests-frameworks-${CONFIGURATION}-input-files.xcfilelist",
			);
			name = "[CP] Embed Pods Frameworks";
			outputFileListPaths = (
				"${PODS_ROOT}/Target Support Files/Pods-DotaHero-DotaHeroUITests/Pods-DotaHero-DotaHeroUITests-frameworks-${CONFIGURATION}-output-files.xcfilelist",
			);
			runOnlyForDeploymentPostprocessing = 0;
			shellPath = /bin/sh;
			shellScript = "\"${PODS_ROOT}/Target Support Files/Pods-DotaHero-DotaHeroUITests/Pods-DotaHero-DotaHeroUITests-frameworks.sh\"\n";
			showEnvVarsInLog = 0;
		};
		CD71A5ABE160A390062D0771 /* [CP] Check Pods Manifest.lock */ = {
			isa = PBXShellScriptBuildPhase;
			buildActionMask = 2147483647;
			files = (
			);
			inputFileListPaths = (
			);
			inputPaths = (
				"${PODS_PODFILE_DIR_PATH}/Podfile.lock",
				"${PODS_ROOT}/Manifest.lock",
			);
			name = "[CP] Check Pods Manifest.lock";
			outputFileListPaths = (
			);
			outputPaths = (
				"$(DERIVED_FILE_DIR)/Pods-DotaHero-DotaHeroUITests-checkManifestLockResult.txt",
			);
			runOnlyForDeploymentPostprocessing = 0;
			shellPath = /bin/sh;
			shellScript = "diff \"${PODS_PODFILE_DIR_PATH}/Podfile.lock\" \"${PODS_ROOT}/Manifest.lock\" > /dev/null\nif [ $? != 0 ] ; then\n    # print error to STDERR\n    echo \"error: The sandbox is not in sync with the Podfile.lock. Run 'pod install' or update your CocoaPods installation.\" >&2\n    exit 1\nfi\n# This output is used by Xcode 'outputs' to avoid re-running this script phase.\necho \"SUCCESS\" > \"${SCRIPT_OUTPUT_FILE_0}\"\n";
			showEnvVarsInLog = 0;
		};
/* End PBXShellScriptBuildPhase section */

/* Begin PBXSourcesBuildPhase section */
		DFCE8DE52583C51000FCA8C2 /* Sources */ = {
			isa = PBXSourcesBuildPhase;
			buildActionMask = 2147483647;
			files = (
				DF2703432584519300643032 /* NetworkManager.swift in Sources */,
				DF270345258451A300643032 /* LocalDataManager.swift in Sources */,
				DFBE197725866F710071E19E /* HeroDetailPresenter.swift in Sources */,
				DF27033C25844E3300643032 /* HeroListViewController.swift in Sources */,
				DF2703482584582C00643032 /* HeroesApiService.swift in Sources */,
				DFCE8DED2583C51000FCA8C2 /* AppDelegate.swift in Sources */,
				DF2703532584805C00643032 /* HeroModel.swift in Sources */,
				DF27033825844D3400643032 /* HomeWireframe.swift in Sources */,
				DFBE1975258664760071E19E /* HeroDetailViewProtocol.swift in Sources */,
				DFCE8DF72583C51000FCA8C2 /* DotaHero.xcdatamodeld in Sources */,
				DF27035A2584BBD700643032 /* HeroCollectionViewCell.swift in Sources */,
				DF12F0BC25863BA400FFC2AB /* HeroDetailViewController.swift in Sources */,
				DF12F0C32586433700FFC2AB /* HeroDetailWireframe.swift in Sources */,
				DF27035125847C0100643032 /* HeroViewListProtocol.swift in Sources */,
				DF2703562584BAA600643032 /* HeroRoleCollectionViewCell.swift in Sources */,
				DFB493E825860EE60040DF6A /* RoleModel.swift in Sources */,
				DF270340258450D900643032 /* Endpoint.swift in Sources */,
				DFBE1979258687620071E19E /* HeroDetailInteractor.swift in Sources */,
				DF27034C2584755D00643032 /* HeroListPresenter.swift in Sources */,
				DF27034A2584737E00643032 /* HeroListInteractor.swift in Sources */,
			);
			runOnlyForDeploymentPostprocessing = 0;
		};
		DFCE8DFE2583C51200FCA8C2 /* Sources */ = {
			isa = PBXSourcesBuildPhase;
			buildActionMask = 2147483647;
			files = (
				DFCE8E072583C51200FCA8C2 /* DotaHeroTests.swift in Sources */,
			);
			runOnlyForDeploymentPostprocessing = 0;
		};
		DFCE8E092583C51200FCA8C2 /* Sources */ = {
			isa = PBXSourcesBuildPhase;
			buildActionMask = 2147483647;
			files = (
				DFCE8E122583C51200FCA8C2 /* DotaHeroUITests.swift in Sources */,
			);
			runOnlyForDeploymentPostprocessing = 0;
		};
/* End PBXSourcesBuildPhase section */

/* Begin PBXTargetDependency section */
		DFCE8E042583C51200FCA8C2 /* PBXTargetDependency */ = {
			isa = PBXTargetDependency;
			target = DFCE8DE82583C51000FCA8C2 /* DotaHero */;
			targetProxy = DFCE8E032583C51200FCA8C2 /* PBXContainerItemProxy */;
		};
		DFCE8E0F2583C51200FCA8C2 /* PBXTargetDependency */ = {
			isa = PBXTargetDependency;
			target = DFCE8DE82583C51000FCA8C2 /* DotaHero */;
			targetProxy = DFCE8E0E2583C51200FCA8C2 /* PBXContainerItemProxy */;
		};
/* End PBXTargetDependency section */

/* Begin PBXVariantGroup section */
		DFCE8DFA2583C51200FCA8C2 /* LaunchScreen.storyboard */ = {
			isa = PBXVariantGroup;
			children = (
				DFCE8DFB2583C51200FCA8C2 /* Base */,
			);
			name = LaunchScreen.storyboard;
			sourceTree = "<group>";
		};
/* End PBXVariantGroup section */

/* Begin XCBuildConfiguration section */
		DFCE8E142583C51200FCA8C2 /* Debug */ = {
			isa = XCBuildConfiguration;
			buildSettings = {
				ALWAYS_SEARCH_USER_PATHS = NO;
				CLANG_ANALYZER_NONNULL = YES;
				CLANG_ANALYZER_NUMBER_OBJECT_CONVERSION = YES_AGGRESSIVE;
				CLANG_CXX_LANGUAGE_STANDARD = "gnu++14";
				CLANG_CXX_LIBRARY = "libc++";
				CLANG_ENABLE_MODULES = YES;
				CLANG_ENABLE_OBJC_ARC = YES;
				CLANG_ENABLE_OBJC_WEAK = YES;
				CLANG_WARN_BLOCK_CAPTURE_AUTORELEASING = YES;
				CLANG_WARN_BOOL_CONVERSION = YES;
				CLANG_WARN_COMMA = YES;
				CLANG_WARN_CONSTANT_CONVERSION = YES;
				CLANG_WARN_DEPRECATED_OBJC_IMPLEMENTATIONS = YES;
				CLANG_WARN_DIRECT_OBJC_ISA_USAGE = YES_ERROR;
				CLANG_WARN_DOCUMENTATION_COMMENTS = YES;
				CLANG_WARN_EMPTY_BODY = YES;
				CLANG_WARN_ENUM_CONVERSION = YES;
				CLANG_WARN_INFINITE_RECURSION = YES;
				CLANG_WARN_INT_CONVERSION = YES;
				CLANG_WARN_NON_LITERAL_NULL_CONVERSION = YES;
				CLANG_WARN_OBJC_IMPLICIT_RETAIN_SELF = YES;
				CLANG_WARN_OBJC_LITERAL_CONVERSION = YES;
				CLANG_WARN_OBJC_ROOT_CLASS = YES_ERROR;
				CLANG_WARN_RANGE_LOOP_ANALYSIS = YES;
				CLANG_WARN_STRICT_PROTOTYPES = YES;
				CLANG_WARN_SUSPICIOUS_MOVE = YES;
				CLANG_WARN_UNGUARDED_AVAILABILITY = YES_AGGRESSIVE;
				CLANG_WARN_UNREACHABLE_CODE = YES;
				CLANG_WARN__DUPLICATE_METHOD_MATCH = YES;
				COPY_PHASE_STRIP = NO;
				DEBUG_INFORMATION_FORMAT = dwarf;
				ENABLE_STRICT_OBJC_MSGSEND = YES;
				ENABLE_TESTABILITY = YES;
				GCC_C_LANGUAGE_STANDARD = gnu11;
				GCC_DYNAMIC_NO_PIC = NO;
				GCC_NO_COMMON_BLOCKS = YES;
				GCC_OPTIMIZATION_LEVEL = 0;
				GCC_PREPROCESSOR_DEFINITIONS = (
					"DEBUG=1",
					"$(inherited)",
				);
				GCC_WARN_64_TO_32_BIT_CONVERSION = YES;
				GCC_WARN_ABOUT_RETURN_TYPE = YES_ERROR;
				GCC_WARN_UNDECLARED_SELECTOR = YES;
				GCC_WARN_UNINITIALIZED_AUTOS = YES_AGGRESSIVE;
				GCC_WARN_UNUSED_FUNCTION = YES;
				GCC_WARN_UNUSED_VARIABLE = YES;
				IPHONEOS_DEPLOYMENT_TARGET = 13.7;
				MTL_ENABLE_DEBUG_INFO = INCLUDE_SOURCE;
				MTL_FAST_MATH = YES;
				ONLY_ACTIVE_ARCH = YES;
				SDKROOT = iphoneos;
				SWIFT_ACTIVE_COMPILATION_CONDITIONS = DEBUG;
				SWIFT_OPTIMIZATION_LEVEL = "-Onone";
			};
			name = Debug;
		};
		DFCE8E152583C51200FCA8C2 /* Release */ = {
			isa = XCBuildConfiguration;
			buildSettings = {
				ALWAYS_SEARCH_USER_PATHS = NO;
				CLANG_ANALYZER_NONNULL = YES;
				CLANG_ANALYZER_NUMBER_OBJECT_CONVERSION = YES_AGGRESSIVE;
				CLANG_CXX_LANGUAGE_STANDARD = "gnu++14";
				CLANG_CXX_LIBRARY = "libc++";
				CLANG_ENABLE_MODULES = YES;
				CLANG_ENABLE_OBJC_ARC = YES;
				CLANG_ENABLE_OBJC_WEAK = YES;
				CLANG_WARN_BLOCK_CAPTURE_AUTORELEASING = YES;
				CLANG_WARN_BOOL_CONVERSION = YES;
				CLANG_WARN_COMMA = YES;
				CLANG_WARN_CONSTANT_CONVERSION = YES;
				CLANG_WARN_DEPRECATED_OBJC_IMPLEMENTATIONS = YES;
				CLANG_WARN_DIRECT_OBJC_ISA_USAGE = YES_ERROR;
				CLANG_WARN_DOCUMENTATION_COMMENTS = YES;
				CLANG_WARN_EMPTY_BODY = YES;
				CLANG_WARN_ENUM_CONVERSION = YES;
				CLANG_WARN_INFINITE_RECURSION = YES;
				CLANG_WARN_INT_CONVERSION = YES;
				CLANG_WARN_NON_LITERAL_NULL_CONVERSION = YES;
				CLANG_WARN_OBJC_IMPLICIT_RETAIN_SELF = YES;
				CLANG_WARN_OBJC_LITERAL_CONVERSION = YES;
				CLANG_WARN_OBJC_ROOT_CLASS = YES_ERROR;
				CLANG_WARN_RANGE_LOOP_ANALYSIS = YES;
				CLANG_WARN_STRICT_PROTOTYPES = YES;
				CLANG_WARN_SUSPICIOUS_MOVE = YES;
				CLANG_WARN_UNGUARDED_AVAILABILITY = YES_AGGRESSIVE;
				CLANG_WARN_UNREACHABLE_CODE = YES;
				CLANG_WARN__DUPLICATE_METHOD_MATCH = YES;
				COPY_PHASE_STRIP = NO;
				DEBUG_INFORMATION_FORMAT = "dwarf-with-dsym";
				ENABLE_NS_ASSERTIONS = NO;
				ENABLE_STRICT_OBJC_MSGSEND = YES;
				GCC_C_LANGUAGE_STANDARD = gnu11;
				GCC_NO_COMMON_BLOCKS = YES;
				GCC_WARN_64_TO_32_BIT_CONVERSION = YES;
				GCC_WARN_ABOUT_RETURN_TYPE = YES_ERROR;
				GCC_WARN_UNDECLARED_SELECTOR = YES;
				GCC_WARN_UNINITIALIZED_AUTOS = YES_AGGRESSIVE;
				GCC_WARN_UNUSED_FUNCTION = YES;
				GCC_WARN_UNUSED_VARIABLE = YES;
				IPHONEOS_DEPLOYMENT_TARGET = 13.7;
				MTL_ENABLE_DEBUG_INFO = NO;
				MTL_FAST_MATH = YES;
				SDKROOT = iphoneos;
				SWIFT_COMPILATION_MODE = wholemodule;
				SWIFT_OPTIMIZATION_LEVEL = "-O";
				VALIDATE_PRODUCT = YES;
			};
			name = Release;
		};
		DFCE8E172583C51200FCA8C2 /* Debug */ = {
			isa = XCBuildConfiguration;
			baseConfigurationReference = 5FF19D5ACC65242A0673D11F /* Pods-DotaHero.debug.xcconfig */;
			buildSettings = {
				ASSETCATALOG_COMPILER_APPICON_NAME = AppIcon;
				CODE_SIGN_STYLE = Automatic;
				INFOPLIST_FILE = DotaHero/Info.plist;
				LD_RUNPATH_SEARCH_PATHS = (
					"$(inherited)",
					"@executable_path/Frameworks",
				);
				PRODUCT_BUNDLE_IDENTIFIER = com.dota.DotaHero;
				PRODUCT_NAME = "$(TARGET_NAME)";
				SWIFT_VERSION = 5.0;
				TARGETED_DEVICE_FAMILY = "1,2";
			};
			name = Debug;
		};
		DFCE8E182583C51200FCA8C2 /* Release */ = {
			isa = XCBuildConfiguration;
			baseConfigurationReference = 2836C5935615F5A4758DC923 /* Pods-DotaHero.release.xcconfig */;
			buildSettings = {
				ASSETCATALOG_COMPILER_APPICON_NAME = AppIcon;
				CODE_SIGN_STYLE = Automatic;
				INFOPLIST_FILE = DotaHero/Info.plist;
				LD_RUNPATH_SEARCH_PATHS = (
					"$(inherited)",
					"@executable_path/Frameworks",
				);
				PRODUCT_BUNDLE_IDENTIFIER = com.dota.DotaHero;
				PRODUCT_NAME = "$(TARGET_NAME)";
				SWIFT_VERSION = 5.0;
				TARGETED_DEVICE_FAMILY = "1,2";
			};
			name = Release;
		};
		DFCE8E1A2583C51200FCA8C2 /* Debug */ = {
			isa = XCBuildConfiguration;
			baseConfigurationReference = 0C167BCD404DE124746DF164 /* Pods-DotaHeroTests.debug.xcconfig */;
			buildSettings = {
				ALWAYS_EMBED_SWIFT_STANDARD_LIBRARIES = YES;
				BUNDLE_LOADER = "$(TEST_HOST)";
				CODE_SIGN_STYLE = Automatic;
				INFOPLIST_FILE = DotaHeroTests/Info.plist;
				IPHONEOS_DEPLOYMENT_TARGET = 13.7;
				LD_RUNPATH_SEARCH_PATHS = (
					"$(inherited)",
					"@executable_path/Frameworks",
					"@loader_path/Frameworks",
				);
				PRODUCT_BUNDLE_IDENTIFIER = com.dota.DotaHeroTests;
				PRODUCT_NAME = "$(TARGET_NAME)";
				SWIFT_VERSION = 5.0;
				TARGETED_DEVICE_FAMILY = "1,2";
				TEST_HOST = "$(BUILT_PRODUCTS_DIR)/DotaHero.app/DotaHero";
			};
			name = Debug;
		};
		DFCE8E1B2583C51200FCA8C2 /* Release */ = {
			isa = XCBuildConfiguration;
			baseConfigurationReference = FDD897BE190B278B3F9BE66B /* Pods-DotaHeroTests.release.xcconfig */;
			buildSettings = {
				ALWAYS_EMBED_SWIFT_STANDARD_LIBRARIES = YES;
				BUNDLE_LOADER = "$(TEST_HOST)";
				CODE_SIGN_STYLE = Automatic;
				INFOPLIST_FILE = DotaHeroTests/Info.plist;
				IPHONEOS_DEPLOYMENT_TARGET = 13.7;
				LD_RUNPATH_SEARCH_PATHS = (
					"$(inherited)",
					"@executable_path/Frameworks",
					"@loader_path/Frameworks",
				);
				PRODUCT_BUNDLE_IDENTIFIER = com.dota.DotaHeroTests;
				PRODUCT_NAME = "$(TARGET_NAME)";
				SWIFT_VERSION = 5.0;
				TARGETED_DEVICE_FAMILY = "1,2";
				TEST_HOST = "$(BUILT_PRODUCTS_DIR)/DotaHero.app/DotaHero";
			};
			name = Release;
		};
		DFCE8E1D2583C51200FCA8C2 /* Debug */ = {
			isa = XCBuildConfiguration;
			baseConfigurationReference = 28C3524390419061D3BD0B72 /* Pods-DotaHero-DotaHeroUITests.debug.xcconfig */;
			buildSettings = {
				ALWAYS_EMBED_SWIFT_STANDARD_LIBRARIES = YES;
				CODE_SIGN_STYLE = Automatic;
				INFOPLIST_FILE = DotaHeroUITests/Info.plist;
				LD_RUNPATH_SEARCH_PATHS = (
					"$(inherited)",
					"@executable_path/Frameworks",
					"@loader_path/Frameworks",
				);
				PRODUCT_BUNDLE_IDENTIFIER = com.dota.DotaHeroUITests;
				PRODUCT_NAME = "$(TARGET_NAME)";
				SWIFT_VERSION = 5.0;
				TARGETED_DEVICE_FAMILY = "1,2";
				TEST_TARGET_NAME = DotaHero;
			};
			name = Debug;
		};
		DFCE8E1E2583C51200FCA8C2 /* Release */ = {
			isa = XCBuildConfiguration;
			baseConfigurationReference = 846FAFC981F9218864FE86C1 /* Pods-DotaHero-DotaHeroUITests.release.xcconfig */;
			buildSettings = {
				ALWAYS_EMBED_SWIFT_STANDARD_LIBRARIES = YES;
				CODE_SIGN_STYLE = Automatic;
				INFOPLIST_FILE = DotaHeroUITests/Info.plist;
				LD_RUNPATH_SEARCH_PATHS = (
					"$(inherited)",
					"@executable_path/Frameworks",
					"@loader_path/Frameworks",
				);
				PRODUCT_BUNDLE_IDENTIFIER = com.dota.DotaHeroUITests;
				PRODUCT_NAME = "$(TARGET_NAME)";
				SWIFT_VERSION = 5.0;
				TARGETED_DEVICE_FAMILY = "1,2";
				TEST_TARGET_NAME = DotaHero;
			};
			name = Release;
		};
/* End XCBuildConfiguration section */

/* Begin XCConfigurationList section */
		DFCE8DE42583C51000FCA8C2 /* Build configuration list for PBXProject "DotaHero" */ = {
			isa = XCConfigurationList;
			buildConfigurations = (
				DFCE8E142583C51200FCA8C2 /* Debug */,
				DFCE8E152583C51200FCA8C2 /* Release */,
			);
			defaultConfigurationIsVisible = 0;
			defaultConfigurationName = Release;
		};
		DFCE8E162583C51200FCA8C2 /* Build configuration list for PBXNativeTarget "DotaHero" */ = {
			isa = XCConfigurationList;
			buildConfigurations = (
				DFCE8E172583C51200FCA8C2 /* Debug */,
				DFCE8E182583C51200FCA8C2 /* Release */,
			);
			defaultConfigurationIsVisible = 0;
			defaultConfigurationName = Release;
		};
		DFCE8E192583C51200FCA8C2 /* Build configuration list for PBXNativeTarget "DotaHeroTests" */ = {
			isa = XCConfigurationList;
			buildConfigurations = (
				DFCE8E1A2583C51200FCA8C2 /* Debug */,
				DFCE8E1B2583C51200FCA8C2 /* Release */,
			);
			defaultConfigurationIsVisible = 0;
			defaultConfigurationName = Release;
		};
		DFCE8E1C2583C51200FCA8C2 /* Build configuration list for PBXNativeTarget "DotaHeroUITests" */ = {
			isa = XCConfigurationList;
			buildConfigurations = (
				DFCE8E1D2583C51200FCA8C2 /* Debug */,
				DFCE8E1E2583C51200FCA8C2 /* Release */,
			);
			defaultConfigurationIsVisible = 0;
			defaultConfigurationName = Release;
		};
/* End XCConfigurationList section */

/* Begin XCVersionGroup section */
		DFCE8DF52583C51000FCA8C2 /* DotaHero.xcdatamodeld */ = {
			isa = XCVersionGroup;
			children = (
				DFCE8DF62583C51000FCA8C2 /* DotaHero.xcdatamodel */,
			);
			currentVersion = DFCE8DF62583C51000FCA8C2 /* DotaHero.xcdatamodel */;
			path = DotaHero.xcdatamodeld;
			sourceTree = "<group>";
			versionGroupType = wrapper.xcdatamodel;
		};
/* End XCVersionGroup section */
	};
	rootObject = DFCE8DE12583C51000FCA8C2 /* Project object */;
}
